PODS:
  - AzureCommunicationChat (1.3.3):
    - AzureCommunicationCommon (~> 1.0)
    - AzureCore (= 1.0.0-beta.15)
    - Trouter (= 0.2.0)
  - AzureCommunicationCommon (1.1.1)
  - AzureCore (1.0.0-beta.15)
  - Trouter (0.2.0)

DEPENDENCIES:
  - AzureCommunicationChat (~> 1.3.3)

SPEC REPOS:
  trunk:
    - AzureCommunicationChat
    - AzureCommunicationCommon
    - AzureCore
    - Trouter

SPEC CHECKSUMS:
  AzureCommunicationChat: 79fb67f0d6160754817d77d307565a015a5eb9b2
  AzureCommunicationCommon: cc520a89f3f8db6d58de42ec4a70cfb79a1b76a3
  AzureCore: ebbf7cf4dfe72afc7584088c38d1c99f5a35d647
  Trouter: 7eab36954ad740e32db3ff9f6025b0dff92193d7

PODFILE CHECKSUM: 5b0a41fab100966c63a10b0666e5f310c3835f06

COCOAPODS: 1.15.2
