PODS:
  - AzureCommunicationChat (1.3.7):
    - AzureCommunicationCommon (~> 1.2.0)
    - AzureCore (= 1.0.0-beta.16)
    - Trouter (= 0.2.0)
  - AzureCommunicationCommon (1.2.0)
  - AzureCore (1.0.0-beta.16)
  - Trouter (0.2.0)

DEPENDENCIES:
  - AzureCommunicationChat (~> 1.3.7)

SPEC REPOS:
  trunk:
    - AzureCommunicationChat
    - AzureCommunicationCommon
    - AzureCore
    - Trouter

SPEC CHECKSUMS:
  AzureCommunicationChat: 2997f9ce17f7663e503684f7aa4312f6954a65ee
  AzureCommunicationCommon: 130a21be2be889f83dc4adbf994af6285f962de8
  AzureCore: 1e940658808f94fdf6a23264febfc516fb59fe3e
  Trouter: 7eab36954ad740e32db3ff9f6025b0dff92193d7

PODFILE CHECKSUM: dc4e01f85ecc1617d38711dc59b1ed2f49ba889a

COCOAPODS: 1.16.2
