PODS:
  - AzureCommunicationCalling (2.2.0-beta.1):
    - AzureCommunicationCommon (~> 1.0.2)
  - AzureCommunicationCommon (1.0.3)
  - AzureCommunicationUI (1.0.0-beta.2):
    - AzureCommunicationCalling (= 2.2.0-beta.1)
    - MicrosoftFluentUI/ActivityIndicator_ios (= 0.3.9)
    - MicrosoftFluentUI/Avatar_ios (= 0.3.9)
    - MicrosoftFluentUI/BottomSheet_ios (= 0.3.9)
    - MicrosoftFluentUI/Button_ios (= 0.3.9)
    - MicrosoftFluentUI/PopupMenu_ios (= 0.3.9)
  - MicrosoftFluentUI/ActivityIndicator_ios (0.3.9):
    - MicrosoftFluentUI/Core_ios
  - MicrosoftFluentUI/Avatar_ios (0.3.9):
    - MicrosoftFluentUI/Core_ios
  - MicrosoftFluentUI/BottomSheet_ios (0.3.9):
    - MicrosoftFluentUI/Obscurable_ios
    - MicrosoftFluentUI/ResizingHandleView_ios
  - MicrosoftFluentUI/Button_ios (0.3.9):
    - MicrosoftFluentUI/Core_ios
  - MicrosoftFluentUI/Core_ios (0.3.9)
  - MicrosoftFluentUI/Drawer_ios (0.3.9):
    - MicrosoftFluentUI/Obscurable_ios
    - MicrosoftFluentUI/ResizingHandleView_ios
    - MicrosoftFluentUI/Separator_ios
    - MicrosoftFluentUI/TouchForwardingView_ios
  - MicrosoftFluentUI/Label_ios (0.3.9):
    - MicrosoftFluentUI/Core_ios
  - MicrosoftFluentUI/Obscurable_ios (0.3.9):
    - MicrosoftFluentUI/Core_ios
  - MicrosoftFluentUI/PopupMenu_ios (0.3.9):
    - MicrosoftFluentUI/Drawer_ios
    - MicrosoftFluentUI/Label_ios
    - MicrosoftFluentUI/Separator_ios
    - MicrosoftFluentUI/TableView_ios
  - MicrosoftFluentUI/ResizingHandleView_ios (0.3.9):
    - MicrosoftFluentUI/Core_ios
  - MicrosoftFluentUI/Separator_ios (0.3.9):
    - MicrosoftFluentUI/Core_ios
  - MicrosoftFluentUI/TableView_ios (0.3.9):
    - MicrosoftFluentUI/Label_ios
    - MicrosoftFluentUI/Separator_ios
  - MicrosoftFluentUI/TouchForwardingView_ios (0.3.9):
    - MicrosoftFluentUI/Core_ios

DEPENDENCIES:
  - AzureCommunicationUI (= 1.0.0-beta.2)

SPEC REPOS:
  trunk:
    - AzureCommunicationCalling
    - AzureCommunicationCommon
    - AzureCommunicationUI
    - MicrosoftFluentUI

SPEC CHECKSUMS:
  AzureCommunicationCalling: df1fdad2fc9bbeabfeff93b0975df3487dc6978e
  AzureCommunicationCommon: 85a3f0ab952db4f88e03bbdb03e79197f90f1d5d
  AzureCommunicationUI: 17db6a6c0c3a3164f948b9ec139d2d01f9b93762
  MicrosoftFluentUI: a1e8f35e43e615a3522c53492f1bc52e9d2a191e

PODFILE CHECKSUM: 6382eaba0cd46fbfa577089c2c34e91b9bd1c8c3

COCOAPODS: 1.11.3
