PODS:
  - AzureCommunication (1.0.0-beta.11):
    - AzureCore (= 1.0.0-beta.11)
  - AzureCommunicationCalling (1.0.0-beta.12):
    - AzureCommunication (= 1.0.0-beta.11)
  - AzureCore (1.0.0-beta.11)

DEPENDENCIES:
  - AzureCommunication (~> 1.0.0-beta.11)
  - AzureCommunicationCalling (~> 1.0.0-beta.12)
  - AzureCore (~> 1.0.0-beta.11)

SPEC REPOS:
  trunk:
    - AzureCommunication
    - AzureCommunicationCalling
    - AzureCore

SPEC CHECKSUMS:
  AzureCommunication: ca2435e97c5c95131baa25a3a42104dfa327cf92
  AzureCommunicationCalling: b0e6a08d0055e55a1ef7b8c6a51743a081031a6f
  AzureCore: 3b461458a047c838209b0c8bb06f7fd6a8088102

PODFILE CHECKSUM: 8c694b910c8fda5d0067643697ede42073a5f0e4

COCOAPODS: 1.10.1
