PODS:
  - AzureCommunicationCalling (2.3.0-beta.5):
    - AzureCommunicationCommon (~> 1.0)
  - AzureCommunicationCommon (1.1.1)

DEPENDENCIES:
  - AzureCommunicationCalling (= 2.3.0-beta.5)

SPEC REPOS:
  trunk:
    - AzureCommunicationCalling
    - AzureCommunicationCommon

SPEC CHECKSUMS:
  AzureCommunicationCalling: 461ceb4d5059e40ee233e6b24700f462e80a7d45
  AzureCommunicationCommon: cc520a89f3f8db6d58de42ec4a70cfb79a1b76a3

PODFILE CHECKSUM: f6d89d7a73683d1db6653a86dfcfdb89dc8a7c81

COCOAPODS: 1.11.3
