PODS:
  - AzureCommunication (1.0.0-beta.7):
    - AzureCore (~> 1.0.0-beta.7)
  - AzureCommunicationCalling (1.0.0-beta.7):
    - AzureCommunication (~> 1.0.0-beta.7)
  - AzureCore (1.0.0-beta.7)

DEPENDENCIES:
  - AzureCommunication (~> 1.0.0-beta.7)
  - AzureCommunicationCalling (~> 1.0.0-beta.7)
  - AzureCore (~> 1.0.0-beta.7)

SPEC REPOS:
  trunk:
    - AzureCommunication
    - AzureCommunicationCalling
    - AzureCore

SPEC CHECKSUMS:
  AzureCommunication: aa808438f6060ae0968ca9b95893fc3ff5015657
  AzureCommunicationCalling: ea42b88088908ba041ce8f8d2952f529f209c935
  AzureCore: ba548f7483963929620bdca2ad8dcd6efc3d3f55

PODFILE CHECKSUM: 777a41a74acd76dce3c26325ef4a60c22930dc5c

COCOAPODS: 1.10.0
