PODS:
  - AzureCommunicationCalling (1.0.0):
    - AzureCommunicationCommon (= 1.0.0)
  - AzureCommunicationCommon (1.0.0):
    - AzureCore (= 1.0.0-beta.12)
  - AzureCore (1.0.0-beta.12)

DEPENDENCIES:
  - AzureCommunicationCalling (~> 1.0.0)

SPEC REPOS:
  trunk:
    - AzureCommunicationCalling
    - AzureCommunicationCommon
    - AzureCore

SPEC CHECKSUMS:
  AzureCommunicationCalling: 606b3743fce81a776a2bd807b2d8c0c7a1b33fbc
  AzureCommunicationCommon: 37d81f556d367c8a8e20581da1d8ffea5401cb86
  AzureCore: 2e029168d18ade4f2e8cc59a96f6d8b26acad2b2

PODFILE CHECKSUM: 1544baa22b771a98db7087ee10cd7c441e63d917

COCOAPODS: 1.10.1
