PODS:
  - AzureCommunicationChat (1.3.4):
    - AzureCommunicationCommon (~> 1.0)
    - AzureCore (= 1.0.0-beta.15)
    - Trouter (= 0.2.0)
  - AzureCommunicationCommon (1.2.0)
  - AzureCore (1.0.0-beta.15)
  - Trouter (0.2.0)

DEPENDENCIES:
  - AzureCommunicationChat (~> 1.3.4)

SPEC REPOS:
  trunk:
    - AzureCommunicationChat
    - AzureCommunicationCommon
    - AzureCore
    - Trouter

SPEC CHECKSUMS:
  AzureCommunicationChat: ae126f7c14a53d28d0db02d2477e21f550eb2dd7
  AzureCommunicationCommon: 130a21be2be889f83dc4adbf994af6285f962de8
  AzureCore: ebbf7cf4dfe72afc7584088c38d1c99f5a35d647
  Trouter: 7eab36954ad740e32db3ff9f6025b0dff92193d7

PODFILE CHECKSUM: 15a3fd80710f845fec0e6b900194c3069288cdd3

COCOAPODS: 1.15.2
