PODS:
  - AzureCommunicationChat (1.3.0):
    - AzureCommunicationCommon (~> 1.0)
    - AzureCore (= 1.0.0-beta.15)
    - Trouter (= 0.1.0)
  - AzureCommunicationCommon (1.1.0)
  - AzureCore (1.0.0-beta.15)
  - Trouter (0.1.0)

DEPENDENCIES:
  - AzureCommunicationChat (~> 1.3.0)

SPEC REPOS:
  trunk:
    - AzureCommunicationChat
    - AzureCommunicationCommon
    - AzureCore
    - Trouter

SPEC CHECKSUMS:
  AzureCommunicationChat: c3a67d67e85daba4d9d81874e50187c91f556f2d
  AzureCommunicationCommon: feb813845d73fc5666ab1a87e0f7bb18fa5698d6
  AzureCore: ebbf7cf4dfe72afc7584088c38d1c99f5a35d647
  Trouter: 62f6db5519829c0897832d404338c3b78ea64fa2

PODFILE CHECKSUM: 1c9fd80d469356931d345b95359ac71cb435a2eb

COCOAPODS: 1.11.3
