PODS:
  - AzureCommunicationCalling (2.10.0):
    - AzureCommunicationCommon (~> 1.0)
  - AzureCommunicationCommon (1.2.0)

DEPENDENCIES:
  - AzureCommunicationCalling (= 2.10.0)

SPEC REPOS:
  trunk:
    - AzureCommunicationCalling
    - AzureCommunicationCommon

SPEC CHECKSUMS:
  AzureCommunicationCalling: a4e184d2c9e4dcc90e3ff531dce7fb3a9d0b65c8
  AzureCommunicationCommon: 130a21be2be889f83dc4adbf994af6285f962de8

PODFILE CHECKSUM: a6807aac131d0b66b9818923bfb2a0cfa46dd995

COCOAPODS: 1.14.3
